// !$*UTF8*$!
{
	archiveVersion = 1;
	classes = {
	};
	objectVersion = 56;
	objects = {

/* Begin PBXBuildFile section */
		3A73110C29E650F800B4C3B4 /* DesignSpikeInSwiftUIApp.swift in Sources */ = {isa = PBXBuildFile; fileRef = 3A73110B29E650F800B4C3B4 /* DesignSpikeInSwiftUIApp.swift */; };
		3A73110E29E650F800B4C3B4 /* ContentView.swift in Sources */ = {isa = PBXBuildFile; fileRef = 3A73110D29E650F800B4C3B4 /* ContentView.swift */; };
		3A73111029E650F900B4C3B4 /* Assets.xcassets in Resources */ = {isa = PBXBuildFile; fileRef = 3A73110F29E650F900B4C3B4 /* Assets.xcassets */; };
		3A73111329E650F900B4C3B4 /* Preview Assets.xcassets in Resources */ = {isa = PBXBuildFile; fileRef = 3A73111229E650F900B4C3B4 /* Preview Assets.xcassets */; };
		3A73111D29E650F900B4C3B4 /* DesignSpikeInSwiftUITests.swift in Sources */ = {isa = PBXBuildFile; fileRef = 3A73111C29E650F900B4C3B4 /* DesignSpikeInSwiftUITests.swift */; };
		3A73112729E650F900B4C3B4 /* DesignSpikeInSwiftUIUITests.swift in Sources */ = {isa = PBXBuildFile; fileRef = 3A73112629E650F900B4C3B4 /* DesignSpikeInSwiftUIUITests.swift */; };
		3A73112929E650F900B4C3B4 /* DesignSpikeInSwiftUIUITestsLaunchTests.swift in Sources */ = {isa = PBXBuildFile; fileRef = 3A73112829E650F900B4C3B4 /* DesignSpikeInSwiftUIUITestsLaunchTests.swift */; };
/* End PBXBuildFile section */

/* Begin PBXContainerItemProxy section */
		3A73111929E650F900B4C3B4 /* PBXContainerItemProxy */ = {
			isa = PBXContainerItemProxy;
			containerPortal = 3A73110029E650F800B4C3B4 /* Project object */;
			proxyType = 1;
			remoteGlobalIDString = 3A73110729E650F800B4C3B4;
			remoteInfo = DesignSpikeInSwiftUI;
		};
		3A73112329E650F900B4C3B4 /* PBXContainerItemProxy */ = {
			isa = PBXContainerItemProxy;
			containerPortal = 3A73110029E650F800B4C3B4 /* Project object */;
			proxyType = 1;
			remoteGlobalIDString = 3A73110729E650F800B4C3B4;
			remoteInfo = DesignSpikeInSwiftUI;
		};
/* End PBXContainerItemProxy section */

/* Begin PBXFileReference section */
		3A73110829E650F800B4C3B4 /* DesignSpikeInSwiftUI.app */ = {isa = PBXFileReference; explicitFileType = wrapper.application; includeInIndex = 0; path = DesignSpikeInSwiftUI.app; sourceTree = BUILT_PRODUCTS_DIR; };
		3A73110B29E650F800B4C3B4 /* DesignSpikeInSwiftUIApp.swift */ = {isa = PBXFileReference; lastKnownFileType = sourcecode.swift; path = DesignSpikeInSwiftUIApp.swift; sourceTree = "<group>"; };
		3A73110D29E650F800B4C3B4 /* ContentView.swift */ = {isa = PBXFileReference; lastKnownFileType = sourcecode.swift; path = ContentView.swift; sourceTree = "<group>"; };
		3A73110F29E650F900B4C3B4 /* Assets.xcassets */ = {isa = PBXFileReference; lastKnownFileType = folder.assetcatalog; path = Assets.xcassets; sourceTree = "<group>"; };
		3A73111229E650F900B4C3B4 /* Preview Assets.xcassets */ = {isa = PBXFileReference; lastKnownFileType = folder.assetcatalog; path = "Preview Assets.xcassets"; sourceTree = "<group>"; };
		3A73111829E650F900B4C3B4 /* DesignSpikeInSwiftUITests.xctest */ = {isa = PBXFileReference; explicitFileType = wrapper.cfbundle; includeInIndex = 0; path = DesignSpikeInSwiftUITests.xctest; sourceTree = BUILT_PRODUCTS_DIR; };
		3A73111C29E650F900B4C3B4 /* DesignSpikeInSwiftUITests.swift */ = {isa = PBXFileReference; lastKnownFileType = sourcecode.swift; path = DesignSpikeInSwiftUITests.swift; sourceTree = "<group>"; };
		3A73112229E650F900B4C3B4 /* DesignSpikeInSwiftUIUITests.xctest */ = {isa = PBXFileReference; explicitFileType = wrapper.cfbundle; includeInIndex = 0; path = DesignSpikeInSwiftUIUITests.xctest; sourceTree = BUILT_PRODUCTS_DIR; };
		3A73112629E650F900B4C3B4 /* DesignSpikeInSwiftUIUITests.swift */ = {isa = PBXFileReference; lastKnownFileType = sourcecode.swift; path = DesignSpikeInSwiftUIUITests.swift; sourceTree = "<group>"; };
		3A73112829E650F900B4C3B4 /* DesignSpikeInSwiftUIUITestsLaunchTests.swift */ = {isa = PBXFileReference; lastKnownFileType = sourcecode.swift; path = DesignSpikeInSwiftUIUITestsLaunchTests.swift; sourceTree = "<group>"; };
/* End PBXFileReference section */

/* Begin PBXFrameworksBuildPhase section */
		3A73110529E650F800B4C3B4 /* Frameworks */ = {
			isa = PBXFrameworksBuildPhase;
			buildActionMask = 2147483647;
			files = (
			);
			runOnlyForDeploymentPostprocessing = 0;
		};
		3A73111529E650F900B4C3B4 /* Frameworks */ = {
			isa = PBXFrameworksBuildPhase;
			buildActionMask = 2147483647;
			files = (
			);
			runOnlyForDeploymentPostprocessing = 0;
		};
		3A73111F29E650F900B4C3B4 /* Frameworks */ = {
			isa = PBXFrameworksBuildPhase;
			buildActionMask = 2147483647;
			files = (
			);
			runOnlyForDeploymentPostprocessing = 0;
		};
/* End PBXFrameworksBuildPhase section */

/* Begin PBXGroup section */
		3A7310FF29E650F800B4C3B4 = {
			isa = PBXGroup;
			children = (
				3A73110A29E650F800B4C3B4 /* DesignSpikeInSwiftUI */,
				3A73111B29E650F900B4C3B4 /* DesignSpikeInSwiftUITests */,
				3A73112529E650F900B4C3B4 /* DesignSpikeInSwiftUIUITests */,
				3A73110929E650F800B4C3B4 /* Products */,
			);
			sourceTree = "<group>";
		};
		3A73110929E650F800B4C3B4 /* Products */ = {
			isa = PBXGroup;
			children = (
				3A73110829E650F800B4C3B4 /* DesignSpikeInSwiftUI.app */,
				3A73111829E650F900B4C3B4 /* DesignSpikeInSwiftUITests.xctest */,
				3A73112229E650F900B4C3B4 /* DesignSpikeInSwiftUIUITests.xctest */,
			);
			name = Products;
			sourceTree = "<group>";
		};
		3A73110A29E650F800B4C3B4 /* DesignSpikeInSwiftUI */ = {
			isa = PBXGroup;
			children = (
				3A73110B29E650F800B4C3B4 /* DesignSpikeInSwiftUIApp.swift */,
				3A73110D29E650F800B4C3B4 /* ContentView.swift */,
				3A73110F29E650F900B4C3B4 /* Assets.xcassets */,
				3A73111129E650F900B4C3B4 /* Preview Content */,
			);
			path = DesignSpikeInSwiftUI;
			sourceTree = "<group>";
		};
		3A73111129E650F900B4C3B4 /* Preview Content */ = {
			isa = PBXGroup;
			children = (
				3A73111229E650F900B4C3B4 /* Preview Assets.xcassets */,
			);
			path = "Preview Content";
			sourceTree = "<group>";
		};
		3A73111B29E650F900B4C3B4 /* DesignSpikeInSwiftUITests */ = {
			isa = PBXGroup;
			children = (
				3A73111C29E650F900B4C3B4 /* DesignSpikeInSwiftUITests.swift */,
			);
			path = DesignSpikeInSwiftUITests;
			sourceTree = "<group>";
		};
		3A73112529E650F900B4C3B4 /* DesignSpikeInSwiftUIUITests */ = {
			isa = PBXGroup;
			children = (
				3A73112629E650F900B4C3B4 /* DesignSpikeInSwiftUIUITests.swift */,
				3A73112829E650F900B4C3B4 /* DesignSpikeInSwiftUIUITestsLaunchTests.swift */,
			);
			path = DesignSpikeInSwiftUIUITests;
			sourceTree = "<group>";
		};
/* End PBXGroup section */

/* Begin PBXNativeTarget section */
		3A73110729E650F800B4C3B4 /* DesignSpikeInSwiftUI */ = {
			isa = PBXNativeTarget;
			buildConfigurationList = 3A73112C29E650F900B4C3B4 /* Build configuration list for PBXNativeTarget "DesignSpikeInSwiftUI" */;
			buildPhases = (
				3A73110429E650F800B4C3B4 /* Sources */,
				3A73110529E650F800B4C3B4 /* Frameworks */,
				3A73110629E650F800B4C3B4 /* Resources */,
			);
			buildRules = (
			);
			dependencies = (
			);
			name = DesignSpikeInSwiftUI;
			productName = DesignSpikeInSwiftUI;
			productReference = 3A73110829E650F800B4C3B4 /* DesignSpikeInSwiftUI.app */;
			productType = "com.apple.product-type.application";
		};
		3A73111729E650F900B4C3B4 /* DesignSpikeInSwiftUITests */ = {
			isa = PBXNativeTarget;
			buildConfigurationList = 3A73112F29E650F900B4C3B4 /* Build configuration list for PBXNativeTarget "DesignSpikeInSwiftUITests" */;
			buildPhases = (
				3A73111429E650F900B4C3B4 /* Sources */,
				3A73111529E650F900B4C3B4 /* Frameworks */,
				3A73111629E650F900B4C3B4 /* Resources */,
			);
			buildRules = (
			);
			dependencies = (
				3A73111A29E650F900B4C3B4 /* PBXTargetDependency */,
			);
			name = DesignSpikeInSwiftUITests;
			productName = DesignSpikeInSwiftUITests;
			productReference = 3A73111829E650F900B4C3B4 /* DesignSpikeInSwiftUITests.xctest */;
			productType = "com.apple.product-type.bundle.unit-test";
		};
		3A73112129E650F900B4C3B4 /* DesignSpikeInSwiftUIUITests */ = {
			isa = PBXNativeTarget;
			buildConfigurationList = 3A73113229E650F900B4C3B4 /* Build configuration list for PBXNativeTarget "DesignSpikeInSwiftUIUITests" */;
			buildPhases = (
				3A73111E29E650F900B4C3B4 /* Sources */,
				3A73111F29E650F900B4C3B4 /* Frameworks */,
				3A73112029E650F900B4C3B4 /* Resources */,
			);
			buildRules = (
			);
			dependencies = (
				3A73112429E650F900B4C3B4 /* PBXTargetDependency */,
			);
			name = DesignSpikeInSwiftUIUITests;
			productName = DesignSpikeInSwiftUIUITests;
			productReference = 3A73112229E650F900B4C3B4 /* DesignSpikeInSwiftUIUITests.xctest */;
			productType = "com.apple.product-type.bundle.ui-testing";
		};
/* End PBXNativeTarget section */

/* Begin PBXProject section */
		3A73110029E650F800B4C3B4 /* Project object */ = {
			isa = PBXProject;
			attributes = {
				BuildIndependentTargetsInParallel = 1;
				LastSwiftUpdateCheck = 1420;
				LastUpgradeCheck = 1420;
				TargetAttributes = {
					3A73110729E650F800B4C3B4 = {
						CreatedOnToolsVersion = 14.2;
					};
					3A73111729E650F900B4C3B4 = {
						CreatedOnToolsVersion = 14.2;
						TestTargetID = 3A73110729E650F800B4C3B4;
					};
					3A73112129E650F900B4C3B4 = {
						CreatedOnToolsVersion = 14.2;
						TestTargetID = 3A73110729E650F800B4C3B4;
					};
				};
			};
			buildConfigurationList = 3A73110329E650F800B4C3B4 /* Build configuration list for PBXProject "DesignSpikeInSwiftUI" */;
			compatibilityVersion = "Xcode 14.0";
			developmentRegion = en;
			hasScannedForEncodings = 0;
			knownRegions = (
				en,
				Base,
			);
			mainGroup = 3A7310FF29E650F800B4C3B4;
			productRefGroup = 3A73110929E650F800B4C3B4 /* Products */;
			projectDirPath = "";
			projectRoot = "";
			targets = (
				3A73110729E650F800B4C3B4 /* DesignSpikeInSwiftUI */,
				3A73111729E650F900B4C3B4 /* DesignSpikeInSwiftUITests */,
				3A73112129E650F900B4C3B4 /* DesignSpikeInSwiftUIUITests */,
			);
		};
/* End PBXProject section */

/* Begin PBXResourcesBuildPhase section */
		3A73110629E650F800B4C3B4 /* Resources */ = {
			isa = PBXResourcesBuildPhase;
			buildActionMask = 2147483647;
			files = (
				3A73111329E650F900B4C3B4 /* Preview Assets.xcassets in Resources */,
				3A73111029E650F900B4C3B4 /* Assets.xcassets in Resources */,
			);
			runOnlyForDeploymentPostprocessing = 0;
		};
		3A73111629E650F900B4C3B4 /* Resources */ = {
			isa = PBXResourcesBuildPhase;
			buildActionMask = 2147483647;
			files = (
			);
			runOnlyForDeploymentPostprocessing = 0;
		};
		3A73112029E650F900B4C3B4 /* Resources */ = {
			isa = PBXResourcesBuildPhase;
			buildActionMask = 2147483647;
			files = (
			);
			runOnlyForDeploymentPostprocessing = 0;
		};
/* End PBXResourcesBuildPhase section */

/* Begin PBXSourcesBuildPhase section */
		3A73110429E650F800B4C3B4 /* Sources */ = {
			isa = PBXSourcesBuildPhase;
			buildActionMask = 2147483647;
			files = (
				3A73110E29E650F800B4C3B4 /* ContentView.swift in Sources */,
				3A73110C29E650F800B4C3B4 /* DesignSpikeInSwiftUIApp.swift in Sources */,
			);
			runOnlyForDeploymentPostprocessing = 0;
		};
		3A73111429E650F900B4C3B4 /* Sources */ = {
			isa = PBXSourcesBuildPhase;
			buildActionMask = 2147483647;
			files = (
				3A73111D29E650F900B4C3B4 /* DesignSpikeInSwiftUITests.swift in Sources */,
			);
			runOnlyForDeploymentPostprocessing = 0;
		};
		3A73111E29E650F900B4C3B4 /* Sources */ = {
			isa = PBXSourcesBuildPhase;
			buildActionMask = 2147483647;
			files = (
				3A73112929E650F900B4C3B4 /* DesignSpikeInSwiftUIUITestsLaunchTests.swift in Sources */,
				3A73112729E650F900B4C3B4 /* DesignSpikeInSwiftUIUITests.swift in Sources */,
			);
			runOnlyForDeploymentPostprocessing = 0;
		};
/* End PBXSourcesBuildPhase section */

/* Begin PBXTargetDependency section */
		3A73111A29E650F900B4C3B4 /* PBXTargetDependency */ = {
			isa = PBXTargetDependency;
			target = 3A73110729E650F800B4C3B4 /* DesignSpikeInSwiftUI */;
			targetProxy = 3A73111929E650F900B4C3B4 /* PBXContainerItemProxy */;
		};
		3A73112429E650F900B4C3B4 /* PBXTargetDependency */ = {
			isa = PBXTargetDependency;
			target = 3A73110729E650F800B4C3B4 /* DesignSpikeInSwiftUI */;
			targetProxy = 3A73112329E650F900B4C3B4 /* PBXContainerItemProxy */;
		};
/* End PBXTargetDependency section */

/* Begin XCBuildConfiguration section */
		3A73112A29E650F900B4C3B4 /* Debug */ = {
			isa = XCBuildConfiguration;
			buildSettings = {
				ALWAYS_SEARCH_USER_PATHS = NO;
				CLANG_ANALYZER_NONNULL = YES;
				CLANG_ANALYZER_NUMBER_OBJECT_CONVERSION = YES_AGGRESSIVE;
				CLANG_CXX_LANGUAGE_STANDARD = "gnu++20";
				CLANG_ENABLE_MODULES = YES;
				CLANG_ENABLE_OBJC_ARC = YES;
				CLANG_ENABLE_OBJC_WEAK = YES;
				CLANG_WARN_BLOCK_CAPTURE_AUTORELEASING = YES;
				CLANG_WARN_BOOL_CONVERSION = YES;
				CLANG_WARN_COMMA = YES;
				CLANG_WARN_CONSTANT_CONVERSION = YES;
				CLANG_WARN_DEPRECATED_OBJC_IMPLEMENTATIONS = YES;
				CLANG_WARN_DIRECT_OBJC_ISA_USAGE = YES_ERROR;
				CLANG_WARN_DOCUMENTATION_COMMENTS = YES;
				CLANG_WARN_EMPTY_BODY = YES;
				CLANG_WARN_ENUM_CONVERSION = YES;
				CLANG_WARN_INFINITE_RECURSION = YES;
				CLANG_WARN_INT_CONVERSION = YES;
				CLANG_WARN_NON_LITERAL_NULL_CONVERSION = YES;
				CLANG_WARN_OBJC_IMPLICIT_RETAIN_SELF = YES;
				CLANG_WARN_OBJC_LITERAL_CONVERSION = YES;
				CLANG_WARN_OBJC_ROOT_CLASS = YES_ERROR;
				CLANG_WARN_QUOTED_INCLUDE_IN_FRAMEWORK_HEADER = YES;
				CLANG_WARN_RANGE_LOOP_ANALYSIS = YES;
				CLANG_WARN_STRICT_PROTOTYPES = YES;
				CLANG_WARN_SUSPICIOUS_MOVE = YES;
				CLANG_WARN_UNGUARDED_AVAILABILITY = YES_AGGRESSIVE;
				CLANG_WARN_UNREACHABLE_CODE = YES;
				CLANG_WARN__DUPLICATE_METHOD_MATCH = YES;
				COPY_PHASE_STRIP = NO;
				DEBUG_INFORMATION_FORMAT = dwarf;
				ENABLE_STRICT_OBJC_MSGSEND = YES;
				ENABLE_TESTABILITY = YES;
				GCC_C_LANGUAGE_STANDARD = gnu11;
				GCC_DYNAMIC_NO_PIC = NO;
				GCC_NO_COMMON_BLOCKS = YES;
				GCC_OPTIMIZATION_LEVEL = 0;
				GCC_PREPROCESSOR_DEFINITIONS = (
					"DEBUG=1",
					"$(inherited)",
				);
				GCC_WARN_64_TO_32_BIT_CONVERSION = YES;
				GCC_WARN_ABOUT_RETURN_TYPE = YES_ERROR;
				GCC_WARN_UNDECLARED_SELECTOR = YES;
				GCC_WARN_UNINITIALIZED_AUTOS = YES_AGGRESSIVE;
				GCC_WARN_UNUSED_FUNCTION = YES;
				GCC_WARN_UNUSED_VARIABLE = YES;
				IPHONEOS_DEPLOYMENT_TARGET = 16.2;
				MTL_ENABLE_DEBUG_INFO = INCLUDE_SOURCE;
				MTL_FAST_MATH = YES;
				ONLY_ACTIVE_ARCH = YES;
				SDKROOT = iphoneos;
				SWIFT_ACTIVE_COMPILATION_CONDITIONS = DEBUG;
				SWIFT_OPTIMIZATION_LEVEL = "-Onone";
			};
			name = Debug;
		};
		3A73112B29E650F900B4C3B4 /* Release */ = {
			isa = XCBuildConfiguration;
			buildSettings = {
				ALWAYS_SEARCH_USER_PATHS = NO;
				CLANG_ANALYZER_NONNULL = YES;
				CLANG_ANALYZER_NUMBER_OBJECT_CONVERSION = YES_AGGRESSIVE;
				CLANG_CXX_LANGUAGE_STANDARD = "gnu++20";
				CLANG_ENABLE_MODULES = YES;
				CLANG_ENABLE_OBJC_ARC = YES;
				CLANG_ENABLE_OBJC_WEAK = YES;
				CLANG_WARN_BLOCK_CAPTURE_AUTORELEASING = YES;
				CLANG_WARN_BOOL_CONVERSION = YES;
				CLANG_WARN_COMMA = YES;
				CLANG_WARN_CONSTANT_CONVERSION = YES;
				CLANG_WARN_DEPRECATED_OBJC_IMPLEMENTATIONS = YES;
				CLANG_WARN_DIRECT_OBJC_ISA_USAGE = YES_ERROR;
				CLANG_WARN_DOCUMENTATION_COMMENTS = YES;
				CLANG_WARN_EMPTY_BODY = YES;
				CLANG_WARN_ENUM_CONVERSION = YES;
				CLANG_WARN_INFINITE_RECURSION = YES;
				CLANG_WARN_INT_CONVERSION = YES;
				CLANG_WARN_NON_LITERAL_NULL_CONVERSION = YES;
				CLANG_WARN_OBJC_IMPLICIT_RETAIN_SELF = YES;
				CLANG_WARN_OBJC_LITERAL_CONVERSION = YES;
				CLANG_WARN_OBJC_ROOT_CLASS = YES_ERROR;
				CLANG_WARN_QUOTED_INCLUDE_IN_FRAMEWORK_HEADER = YES;
				CLANG_WARN_RANGE_LOOP_ANALYSIS = YES;
				CLANG_WARN_STRICT_PROTOTYPES = YES;
				CLANG_WARN_SUSPICIOUS_MOVE = YES;
				CLANG_WARN_UNGUARDED_AVAILABILITY = YES_AGGRESSIVE;
				CLANG_WARN_UNREACHABLE_CODE = YES;
				CLANG_WARN__DUPLICATE_METHOD_MATCH = YES;
				COPY_PHASE_STRIP = NO;
				DEBUG_INFORMATION_FORMAT = "dwarf-with-dsym";
				ENABLE_NS_ASSERTIONS = NO;
				ENABLE_STRICT_OBJC_MSGSEND = YES;
				GCC_C_LANGUAGE_STANDARD = gnu11;
				GCC_NO_COMMON_BLOCKS = YES;
				GCC_WARN_64_TO_32_BIT_CONVERSION = YES;
				GCC_WARN_ABOUT_RETURN_TYPE = YES_ERROR;
				GCC_WARN_UNDECLARED_SELECTOR = YES;
				GCC_WARN_UNINITIALIZED_AUTOS = YES_AGGRESSIVE;
				GCC_WARN_UNUSED_FUNCTION = YES;
				GCC_WARN_UNUSED_VARIABLE = YES;
				IPHONEOS_DEPLOYMENT_TARGET = 16.2;
				MTL_ENABLE_DEBUG_INFO = NO;
				MTL_FAST_MATH = YES;
				SDKROOT = iphoneos;
				SWIFT_COMPILATION_MODE = wholemodule;
				SWIFT_OPTIMIZATION_LEVEL = "-O";
				VALIDATE_PRODUCT = YES;
			};
			name = Release;
		};
		3A73112D29E650F900B4C3B4 /* Debug */ = {
			isa = XCBuildConfiguration;
			buildSettings = {
				ASSETCATALOG_COMPILER_APPICON_NAME = AppIcon;
				ASSETCATALOG_COMPILER_GLOBAL_ACCENT_COLOR_NAME = AccentColor;
				CODE_SIGN_STYLE = Automatic;
				CURRENT_PROJECT_VERSION = 1;
				DEVELOPMENT_ASSET_PATHS = "\"DesignSpikeInSwiftUI/Preview Content\"";
				DEVELOPMENT_TEAM = 4W9BJUAY8P;
				ENABLE_PREVIEWS = YES;
				GENERATE_INFOPLIST_FILE = YES;
				INFOPLIST_KEY_UIApplicationSceneManifest_Generation = YES;
				INFOPLIST_KEY_UIApplicationSupportsIndirectInputEvents = YES;
				INFOPLIST_KEY_UILaunchScreen_Generation = YES;
				INFOPLIST_KEY_UISupportedInterfaceOrientations_iPad = "UIInterfaceOrientationPortrait UIInterfaceOrientationPortraitUpsideDown UIInterfaceOrientationLandscapeLeft UIInterfaceOrientationLandscapeRight";
				INFOPLIST_KEY_UISupportedInterfaceOrientations_iPhone = "UIInterfaceOrientationPortrait UIInterfaceOrientationLandscapeLeft UIInterfaceOrientationLandscapeRight";
				LD_RUNPATH_SEARCH_PATHS = (
					"$(inherited)",
					"@executable_path/Frameworks",
				);
				MARKETING_VERSION = 1.0;
				PRODUCT_BUNDLE_IDENTIFIER = com.sjyt.DesignSpikeInSwiftUI;
				PRODUCT_NAME = "$(TARGET_NAME)";
				SWIFT_EMIT_LOC_STRINGS = YES;
				SWIFT_VERSION = 5.0;
				TARGETED_DEVICE_FAMILY = "1,2";
			};
			name = Debug;
		};
		3A73112E29E650F900B4C3B4 /* Release */ = {
			isa = XCBuildConfiguration;
			buildSettings = {
				ASSETCATALOG_COMPILER_APPICON_NAME = AppIcon;
				ASSETCATALOG_COMPILER_GLOBAL_ACCENT_COLOR_NAME = AccentColor;
				CODE_SIGN_STYLE = Automatic;
				CURRENT_PROJECT_VERSION = 1;
				DEVELOPMENT_ASSET_PATHS = "\"DesignSpikeInSwiftUI/Preview Content\"";
				DEVELOPMENT_TEAM = 4W9BJUAY8P;
				ENABLE_PREVIEWS = YES;
				GENERATE_INFOPLIST_FILE = YES;
				INFOPLIST_KEY_UIApplicationSceneManifest_Generation = YES;
				INFOPLIST_KEY_UIApplicationSupportsIndirectInputEvents = YES;
				INFOPLIST_KEY_UILaunchScreen_Generation = YES;
				INFOPLIST_KEY_UISupportedInterfaceOrientations_iPad = "UIInterfaceOrientationPortrait UIInterfaceOrientationPortraitUpsideDown UIInterfaceOrientationLandscapeLeft UIInterfaceOrientationLandscapeRight";
				INFOPLIST_KEY_UISupportedInterfaceOrientations_iPhone = "UIInterfaceOrientationPortrait UIInterfaceOrientationLandscapeLeft UIInterfaceOrientationLandscapeRight";
				LD_RUNPATH_SEARCH_PATHS = (
					"$(inherited)",
					"@executable_path/Frameworks",
				);
				MARKETING_VERSION = 1.0;
				PRODUCT_BUNDLE_IDENTIFIER = com.sjyt.DesignSpikeInSwiftUI;
				PRODUCT_NAME = "$(TARGET_NAME)";
				SWIFT_EMIT_LOC_STRINGS = YES;
				SWIFT_VERSION = 5.0;
				TARGETED_DEVICE_FAMILY = "1,2";
			};
			name = Release;
		};
		3A73113029E650F900B4C3B4 /* Debug */ = {
			isa = XCBuildConfiguration;
			buildSettings = {
				ALWAYS_EMBED_SWIFT_STANDARD_LIBRARIES = YES;
				BUNDLE_LOADER = "$(TEST_HOST)";
				CODE_SIGN_STYLE = Automatic;
				CURRENT_PROJECT_VERSION = 1;
				DEVELOPMENT_TEAM = 4W9BJUAY8P;
				GENERATE_INFOPLIST_FILE = YES;
				IPHONEOS_DEPLOYMENT_TARGET = 16.2;
				MARKETING_VERSION = 1.0;
				PRODUCT_BUNDLE_IDENTIFIER = com.sjyt.DesignSpikeInSwiftUITests;
				PRODUCT_NAME = "$(TARGET_NAME)";
				SWIFT_EMIT_LOC_STRINGS = NO;
				SWIFT_VERSION = 5.0;
				TARGETED_DEVICE_FAMILY = "1,2";
				TEST_HOST = "$(BUILT_PRODUCTS_DIR)/DesignSpikeInSwiftUI.app/$(BUNDLE_EXECUTABLE_FOLDER_PATH)/DesignSpikeInSwiftUI";
			};
			name = Debug;
		};
		3A73113129E650F900B4C3B4 /* Release */ = {
			isa = XCBuildConfiguration;
			buildSettings = {
				ALWAYS_EMBED_SWIFT_STANDARD_LIBRARIES = YES;
				BUNDLE_LOADER = "$(TEST_HOST)";
				CODE_SIGN_STYLE = Automatic;
				CURRENT_PROJECT_VERSION = 1;
				DEVELOPMENT_TEAM = 4W9BJUAY8P;
				GENERATE_INFOPLIST_FILE = YES;
				IPHONEOS_DEPLOYMENT_TARGET = 16.2;
				MARKETING_VERSION = 1.0;
				PRODUCT_BUNDLE_IDENTIFIER = com.sjyt.DesignSpikeInSwiftUITests;
				PRODUCT_NAME = "$(TARGET_NAME)";
				SWIFT_EMIT_LOC_STRINGS = NO;
				SWIFT_VERSION = 5.0;
				TARGETED_DEVICE_FAMILY = "1,2";
				TEST_HOST = "$(BUILT_PRODUCTS_DIR)/DesignSpikeInSwiftUI.app/$(BUNDLE_EXECUTABLE_FOLDER_PATH)/DesignSpikeInSwiftUI";
			};
			name = Release;
		};
		3A73113329E650F900B4C3B4 /* Debug */ = {
			isa = XCBuildConfiguration;
			buildSettings = {
				ALWAYS_EMBED_SWIFT_STANDARD_LIBRARIES = YES;
				CODE_SIGN_STYLE = Automatic;
				CURRENT_PROJECT_VERSION = 1;
				DEVELOPMENT_TEAM = 4W9BJUAY8P;
				GENERATE_INFOPLIST_FILE = YES;
				MARKETING_VERSION = 1.0;
				PRODUCT_BUNDLE_IDENTIFIER = com.sjyt.DesignSpikeInSwiftUIUITests;
				PRODUCT_NAME = "$(TARGET_NAME)";
				SWIFT_EMIT_LOC_STRINGS = NO;
				SWIFT_VERSION = 5.0;
				TARGETED_DEVICE_FAMILY = "1,2";
				TEST_TARGET_NAME = DesignSpikeInSwiftUI;
			};
			name = Debug;
		};
		3A73113429E650F900B4C3B4 /* Release */ = {
			isa = XCBuildConfiguration;
			buildSettings = {
				ALWAYS_EMBED_SWIFT_STANDARD_LIBRARIES = YES;
				CODE_SIGN_STYLE = Automatic;
				CURRENT_PROJECT_VERSION = 1;
				DEVELOPMENT_TEAM = 4W9BJUAY8P;
				GENERATE_INFOPLIST_FILE = YES;
				MARKETING_VERSION = 1.0;
				PRODUCT_BUNDLE_IDENTIFIER = com.sjyt.DesignSpikeInSwiftUIUITests;
				PRODUCT_NAME = "$(TARGET_NAME)";
				SWIFT_EMIT_LOC_STRINGS = NO;
				SWIFT_VERSION = 5.0;
				TARGETED_DEVICE_FAMILY = "1,2";
				TEST_TARGET_NAME = DesignSpikeInSwiftUI;
			};
			name = Release;
		};
/* End XCBuildConfiguration section */

/* Begin XCConfigurationList section */
		3A73110329E650F800B4C3B4 /* Build configuration list for PBXProject "DesignSpikeInSwiftUI" */ = {
			isa = XCConfigurationList;
			buildConfigurations = (
				3A73112A29E650F900B4C3B4 /* Debug */,
				3A73112B29E650F900B4C3B4 /* Release */,
			);
			defaultConfigurationIsVisible = 0;
			defaultConfigurationName = Release;
		};
		3A73112C29E650F900B4C3B4 /* Build configuration list for PBXNativeTarget "DesignSpikeInSwiftUI" */ = {
			isa = XCConfigurationList;
			buildConfigurations = (
				3A73112D29E650F900B4C3B4 /* Debug */,
				3A73112E29E650F900B4C3B4 /* Release */,
			);
			defaultConfigurationIsVisible = 0;
			defaultConfigurationName = Release;
		};
		3A73112F29E650F900B4C3B4 /* Build configuration list for PBXNativeTarget "DesignSpikeInSwiftUITests" */ = {
			isa = XCConfigurationList;
			buildConfigurations = (
				3A73113029E650F900B4C3B4 /* Debug */,
				3A73113129E650F900B4C3B4 /* Release */,
			);
			defaultConfigurationIsVisible = 0;
			defaultConfigurationName = Release;
		};
		3A73113229E650F900B4C3B4 /* Build configuration list for PBXNativeTarget "DesignSpikeInSwiftUIUITests" */ = {
			isa = XCConfigurationList;
			buildConfigurations = (
				3A73113329E650F900B4C3B4 /* Debug */,
				3A73113429E650F900B4C3B4 /* Release */,
			);
			defaultConfigurationIsVisible = 0;
			defaultConfigurationName = Release;
		};
/* End XCConfigurationList section */
	};
	rootObject = 3A73110029E650F800B4C3B4 /* Project object */;
}
